// !$*UTF8*$!
{
	archiveVersion = 1;
	classes = {
	};
	objectVersion = 48;
	objects = {

/* Begin PBXBuildFile section */
		3B5EC071217E5B000094802C /* AppDelegate.swift in Sources */ = {isa = PBXBuildFile; fileRef = 3B5EC070217E5B000094802C /* AppDelegate.swift */; };
		3B5EC073217E5B000094802C /* art.scnassets in Resources */ = {isa = PBXBuildFile; fileRef = 3B5EC072217E5B000094802C /* art.scnassets */; };
		3B5EC075217E5B000094802C /* ViewController.swift in Sources */ = {isa = PBXBuildFile; fileRef = 3B5EC074217E5B000094802C /* ViewController.swift */; };
		3B5EC078217E5B000094802C /* Main.storyboard in Resources */ = {isa = PBXBuildFile; fileRef = 3B5EC076217E5B000094802C /* Main.storyboard */; };
		3B5EC07A217E5B000094802C /* Assets.xcassets in Resources */ = {isa = PBXBuildFile; fileRef = 3B5EC079217E5B000094802C /* Assets.xcassets */; };
		3B5EC07D217E5B000094802C /* LaunchScreen.storyboard in Resources */ = {isa = PBXBuildFile; fileRef = 3B5EC07B217E5B000094802C /* LaunchScreen.storyboard */; };
		3B618D392188A588002AA2D4 /* OverlayingPlanesViewController.swift in Sources */ = {isa = PBXBuildFile; fileRef = 3B618D382188A588002AA2D4 /* OverlayingPlanesViewController.swift */; };
		3B618D3B2188A626002AA2D4 /* OverlayPlane.swift in Sources */ = {isa = PBXBuildFile; fileRef = 3B618D3A2188A626002AA2D4 /* OverlayPlane.swift */; };
		3B618D3D2188A646002AA2D4 /* overlay_grid.png in Resources */ = {isa = PBXBuildFile; fileRef = 3B618D3C2188A646002AA2D4 /* overlay_grid.png */; };
		3B6697B421956814008789E3 /* EnablingPhysicsVC.swift in Sources */ = {isa = PBXBuildFile; fileRef = 3B6697B321956814008789E3 /* EnablingPhysicsVC.swift */; };
		3B872CA1217F225E00498F97 /* SimpleBoxViewController.swift in Sources */ = {isa = PBXBuildFile; fileRef = 3B872CA0217F225E00498F97 /* SimpleBoxViewController.swift */; };
		3B872CA8217F429C00498F97 /* DisplayingSampleViewController.swift in Sources */ = {isa = PBXBuildFile; fileRef = 3B872CA7217F429C00498F97 /* DisplayingSampleViewController.swift */; };
		3B872CAB217F501B00498F97 /* MultipleObjectsViewController.swift in Sources */ = {isa = PBXBuildFile; fileRef = 3B872CAA217F501B00498F97 /* MultipleObjectsViewController.swift */; };
		3B872CAD217F6ACD00498F97 /* brick.jpg in Resources */ = {isa = PBXBuildFile; fileRef = 3B872CAC217F6ACD00498F97 /* brick.jpg */; };
		3B872CAF217F6AD200498F97 /* earth.jpg in Resources */ = {isa = PBXBuildFile; fileRef = 3B872CAE217F6AD200498F97 /* earth.jpg */; };
		3B872CB2217F944B00498F97 /* SimpleBoxWithTouchViewController.swift in Sources */ = {isa = PBXBuildFile; fileRef = 3B872CB1217F944B00498F97 /* SimpleBoxWithTouchViewController.swift */; };
		3B872CB4217F97F200498F97 /* Extension.swift in Sources */ = {isa = PBXBuildFile; fileRef = 3B872CB3217F97F200498F97 /* Extension.swift */; };
		3BC9A91321887D51005B3AF3 /* DetectingPlanesViewController.swift in Sources */ = {isa = PBXBuildFile; fileRef = 3BC9A91221887D51005B3AF3 /* DetectingPlanesViewController.swift */; };
/* End PBXBuildFile section */

/* Begin PBXFileReference section */
		3B5EC06D217E5B000094802C /* HelloAR.app */ = {isa = PBXFileReference; explicitFileType = wrapper.application; includeInIndex = 0; path = HelloAR.app; sourceTree = BUILT_PRODUCTS_DIR; };
		3B5EC070217E5B000094802C /* AppDelegate.swift */ = {isa = PBXFileReference; lastKnownFileType = sourcecode.swift; path = AppDelegate.swift; sourceTree = "<group>"; };
		3B5EC072217E5B000094802C /* art.scnassets */ = {isa = PBXFileReference; lastKnownFileType = wrapper.scnassets; path = art.scnassets; sourceTree = "<group>"; };
		3B5EC074217E5B000094802C /* ViewController.swift */ = {isa = PBXFileReference; lastKnownFileType = sourcecode.swift; path = ViewController.swift; sourceTree = "<group>"; };
		3B5EC077217E5B000094802C /* Base */ = {isa = PBXFileReference; lastKnownFileType = file.storyboard; name = Base; path = Base.lproj/Main.storyboard; sourceTree = "<group>"; };
		3B5EC079217E5B000094802C /* Assets.xcassets */ = {isa = PBXFileReference; lastKnownFileType = folder.assetcatalog; path = Assets.xcassets; sourceTree = "<group>"; };
		3B5EC07C217E5B000094802C /* Base */ = {isa = PBXFileReference; lastKnownFileType = file.storyboard; name = Base; path = Base.lproj/LaunchScreen.storyboard; sourceTree = "<group>"; };
		3B5EC07E217E5B000094802C /* Info.plist */ = {isa = PBXFileReference; lastKnownFileType = text.plist.xml; path = Info.plist; sourceTree = "<group>"; };
		3B618D382188A588002AA2D4 /* OverlayingPlanesViewController.swift */ = {isa = PBXFileReference; lastKnownFileType = sourcecode.swift; path = OverlayingPlanesViewController.swift; sourceTree = "<group>"; };
		3B618D3A2188A626002AA2D4 /* OverlayPlane.swift */ = {isa = PBXFileReference; lastKnownFileType = sourcecode.swift; path = OverlayPlane.swift; sourceTree = "<group>"; };
		3B618D3C2188A646002AA2D4 /* overlay_grid.png */ = {isa = PBXFileReference; lastKnownFileType = image.png; path = overlay_grid.png; sourceTree = "<group>"; };
		3B6697B321956814008789E3 /* EnablingPhysicsVC.swift */ = {isa = PBXFileReference; lastKnownFileType = sourcecode.swift; path = EnablingPhysicsVC.swift; sourceTree = "<group>"; };
		3B872CA0217F225E00498F97 /* SimpleBoxViewController.swift */ = {isa = PBXFileReference; lastKnownFileType = sourcecode.swift; path = SimpleBoxViewController.swift; sourceTree = "<group>"; };
		3B872CA7217F429C00498F97 /* DisplayingSampleViewController.swift */ = {isa = PBXFileReference; lastKnownFileType = sourcecode.swift; path = DisplayingSampleViewController.swift; sourceTree = "<group>"; };
		3B872CAA217F501B00498F97 /* MultipleObjectsViewController.swift */ = {isa = PBXFileReference; lastKnownFileType = sourcecode.swift; path = MultipleObjectsViewController.swift; sourceTree = "<group>"; };
		3B872CAC217F6ACD00498F97 /* brick.jpg */ = {isa = PBXFileReference; lastKnownFileType = image.jpeg; path = brick.jpg; sourceTree = "<group>"; };
		3B872CAE217F6AD200498F97 /* earth.jpg */ = {isa = PBXFileReference; lastKnownFileType = image.jpeg; path = earth.jpg; sourceTree = "<group>"; };
		3B872CB1217F944B00498F97 /* SimpleBoxWithTouchViewController.swift */ = {isa = PBXFileReference; lastKnownFileType = sourcecode.swift; path = SimpleBoxWithTouchViewController.swift; sourceTree = "<group>"; };
		3B872CB3217F97F200498F97 /* Extension.swift */ = {isa = PBXFileReference; lastKnownFileType = sourcecode.swift; path = Extension.swift; sourceTree = "<group>"; };
		3BC9A91221887D51005B3AF3 /* DetectingPlanesViewController.swift */ = {isa = PBXFileReference; lastKnownFileType = sourcecode.swift; path = DetectingPlanesViewController.swift; sourceTree = "<group>"; };
/* End PBXFileReference section */

/* Begin PBXFrameworksBuildPhase section */
		3B5EC06A217E5B000094802C /* Frameworks */ = {
			isa = PBXFrameworksBuildPhase;
			buildActionMask = 2147483647;
			files = (
			);
			runOnlyForDeploymentPostprocessing = 0;
		};
/* End PBXFrameworksBuildPhase section */

/* Begin PBXGroup section */
		3B5EC064217E5B000094802C = {
			isa = PBXGroup;
			children = (
				3B5EC06F217E5B000094802C /* HelloAR */,
				3B5EC06E217E5B000094802C /* Products */,
			);
			sourceTree = "<group>";
		};
		3B5EC06E217E5B000094802C /* Products */ = {
			isa = PBXGroup;
			children = (
				3B5EC06D217E5B000094802C /* HelloAR.app */,
			);
			name = Products;
			sourceTree = "<group>";
		};
		3B5EC06F217E5B000094802C /* HelloAR */ = {
			isa = PBXGroup;
			children = (
				3B6697B2219567F9008789E3 /* EnablingPhysics */,
				3B618D372188A576002AA2D4 /* OverlayingPlanes */,
				3B872C9F217F223D00498F97 /* SimpleBox */,
				3B872CA6217F428000498F97 /* TextView */,
				3B872CA9217F500600498F97 /* MultipleObjects */,
				3B872CB0217F943A00498F97 /* SimpleBoxWithTouch */,
				3BC9A91021887BEE005B3AF3 /* DetectingPlanes */,
				3B5EC070217E5B000094802C /* AppDelegate.swift */,
				3B5EC072217E5B000094802C /* art.scnassets */,
				3B5EC074217E5B000094802C /* ViewController.swift */,
				3B5EC076217E5B000094802C /* Main.storyboard */,
				3B5EC079217E5B000094802C /* Assets.xcassets */,
				3B5EC07B217E5B000094802C /* LaunchScreen.storyboard */,
				3B5EC07E217E5B000094802C /* Info.plist */,
				3B872CB3217F97F200498F97 /* Extension.swift */,
			);
			path = HelloAR;
			sourceTree = "<group>";
		};
		3B618D372188A576002AA2D4 /* OverlayingPlanes */ = {
			isa = PBXGroup;
			children = (
				3B618D382188A588002AA2D4 /* OverlayingPlanesViewController.swift */,
				3B618D3A2188A626002AA2D4 /* OverlayPlane.swift */,
				3B618D3C2188A646002AA2D4 /* overlay_grid.png */,
			);
			path = OverlayingPlanes;
			sourceTree = "<group>";
		};
		3B6697B2219567F9008789E3 /* EnablingPhysics */ = {
			isa = PBXGroup;
			children = (
				3B6697B321956814008789E3 /* EnablingPhysicsVC.swift */,
			);
			path = EnablingPhysics;
			sourceTree = "<group>";
		};
		3B872C9F217F223D00498F97 /* SimpleBox */ = {
			isa = PBXGroup;
			children = (
				3B872CAC217F6ACD00498F97 /* brick.jpg */,
				3B872CA0217F225E00498F97 /* SimpleBoxViewController.swift */,
			);
			path = SimpleBox;
			sourceTree = "<group>";
		};
		3B872CA6217F428000498F97 /* TextView */ = {
			isa = PBXGroup;
			children = (
				3B872CA7217F429C00498F97 /* DisplayingSampleViewController.swift */,
			);
			path = TextView;
			sourceTree = "<group>";
		};
		3B872CA9217F500600498F97 /* MultipleObjects */ = {
			isa = PBXGroup;
			children = (
				3B872CAE217F6AD200498F97 /* earth.jpg */,
				3B872CAA217F501B00498F97 /* MultipleObjectsViewController.swift */,
			);
			path = MultipleObjects;
			sourceTree = "<group>";
		};
		3B872CB0217F943A00498F97 /* SimpleBoxWithTouch */ = {
			isa = PBXGroup;
			children = (
				3B872CB1217F944B00498F97 /* SimpleBoxWithTouchViewController.swift */,
			);
			path = SimpleBoxWithTouch;
			sourceTree = "<group>";
		};
		3BC9A91021887BEE005B3AF3 /* DetectingPlanes */ = {
			isa = PBXGroup;
			children = (
				3BC9A91221887D51005B3AF3 /* DetectingPlanesViewController.swift */,
			);
			path = DetectingPlanes;
			sourceTree = "<group>";
		};
/* End PBXGroup section */

/* Begin PBXNativeTarget section */
		3B5EC06C217E5B000094802C /* HelloAR */ = {
			isa = PBXNativeTarget;
			buildConfigurationList = 3B5EC081217E5B000094802C /* Build configuration list for PBXNativeTarget "HelloAR" */;
			buildPhases = (
				3B5EC069217E5B000094802C /* Sources */,
				3B5EC06A217E5B000094802C /* Frameworks */,
				3B5EC06B217E5B000094802C /* Resources */,
			);
			buildRules = (
			);
			dependencies = (
			);
			name = HelloAR;
			productName = HelloAR;
			productReference = 3B5EC06D217E5B000094802C /* HelloAR.app */;
			productType = "com.apple.product-type.application";
		};
/* End PBXNativeTarget section */

/* Begin PBXProject section */
		3B5EC065217E5B000094802C /* Project object */ = {
			isa = PBXProject;
			attributes = {
				LastSwiftUpdateCheck = 0920;
				LastUpgradeCheck = 0920;
				ORGANIZATIONNAME = "강수진";
				TargetAttributes = {
					3B5EC06C217E5B000094802C = {
						CreatedOnToolsVersion = 9.2;
						ProvisioningStyle = Automatic;
					};
				};
			};
			buildConfigurationList = 3B5EC068217E5B000094802C /* Build configuration list for PBXProject "HelloAR" */;
			compatibilityVersion = "Xcode 8.0";
			developmentRegion = en;
			hasScannedForEncodings = 0;
			knownRegions = (
				en,
				Base,
			);
			mainGroup = 3B5EC064217E5B000094802C;
			productRefGroup = 3B5EC06E217E5B000094802C /* Products */;
			projectDirPath = "";
			projectRoot = "";
			targets = (
				3B5EC06C217E5B000094802C /* HelloAR */,
			);
		};
/* End PBXProject section */

/* Begin PBXResourcesBuildPhase section */
		3B5EC06B217E5B000094802C /* Resources */ = {
			isa = PBXResourcesBuildPhase;
			buildActionMask = 2147483647;
			files = (
				3B5EC073217E5B000094802C /* art.scnassets in Resources */,
				3B5EC07D217E5B000094802C /* LaunchScreen.storyboard in Resources */,
				3B872CAF217F6AD200498F97 /* earth.jpg in Resources */,
				3B5EC07A217E5B000094802C /* Assets.xcassets in Resources */,
				3B5EC078217E5B000094802C /* Main.storyboard in Resources */,
				3B618D3D2188A646002AA2D4 /* overlay_grid.png in Resources */,
				3B872CAD217F6ACD00498F97 /* brick.jpg in Resources */,
			);
			runOnlyForDeploymentPostprocessing = 0;
		};
/* End PBXResourcesBuildPhase section */

/* Begin PBXSourcesBuildPhase section */
		3B5EC069217E5B000094802C /* Sources */ = {
			isa = PBXSourcesBuildPhase;
			buildActionMask = 2147483647;
			files = (
				3B872CB2217F944B00498F97 /* SimpleBoxWithTouchViewController.swift in Sources */,
				3B872CA8217F429C00498F97 /* DisplayingSampleViewController.swift in Sources */,
				3B872CB4217F97F200498F97 /* Extension.swift in Sources */,
				3B6697B421956814008789E3 /* EnablingPhysicsVC.swift in Sources */,
				3B872CAB217F501B00498F97 /* MultipleObjectsViewController.swift in Sources */,
				3B5EC075217E5B000094802C /* ViewController.swift in Sources */,
				3B872CA1217F225E00498F97 /* SimpleBoxViewController.swift in Sources */,
				3B5EC071217E5B000094802C /* AppDelegate.swift in Sources */,
				3B618D392188A588002AA2D4 /* OverlayingPlanesViewController.swift in Sources */,
				3BC9A91321887D51005B3AF3 /* DetectingPlanesViewController.swift in Sources */,
				3B618D3B2188A626002AA2D4 /* OverlayPlane.swift in Sources */,
			);
			runOnlyForDeploymentPostprocessing = 0;
		};
/* End PBXSourcesBuildPhase section */

/* Begin PBXVariantGroup section */
		3B5EC076217E5B000094802C /* Main.storyboard */ = {
			isa = PBXVariantGroup;
			children = (
				3B5EC077217E5B000094802C /* Base */,
			);
			name = Main.storyboard;
			sourceTree = "<group>";
		};
		3B5EC07B217E5B000094802C /* LaunchScreen.storyboard */ = {
			isa = PBXVariantGroup;
			children = (
				3B5EC07C217E5B000094802C /* Base */,
			);
			name = LaunchScreen.storyboard;
			sourceTree = "<group>";
		};
/* End PBXVariantGroup section */

/* Begin XCBuildConfiguration section */
		3B5EC07F217E5B000094802C /* Debug */ = {
			isa = XCBuildConfiguration;
			buildSettings = {
				ALWAYS_SEARCH_USER_PATHS = NO;
				CLANG_ANALYZER_NONNULL = YES;
				CLANG_ANALYZER_NUMBER_OBJECT_CONVERSION = YES_AGGRESSIVE;
				CLANG_CXX_LANGUAGE_STANDARD = "gnu++14";
				CLANG_CXX_LIBRARY = "libc++";
				CLANG_ENABLE_MODULES = YES;
				CLANG_ENABLE_OBJC_ARC = YES;
				CLANG_WARN_BLOCK_CAPTURE_AUTORELEASING = YES;
				CLANG_WARN_BOOL_CONVERSION = YES;
				CLANG_WARN_COMMA = YES;
				CLANG_WARN_CONSTANT_CONVERSION = YES;
				CLANG_WARN_DIRECT_OBJC_ISA_USAGE = YES_ERROR;
				CLANG_WARN_DOCUMENTATION_COMMENTS = YES;
				CLANG_WARN_EMPTY_BODY = YES;
				CLANG_WARN_ENUM_CONVERSION = YES;
				CLANG_WARN_INFINITE_RECURSION = YES;
				CLANG_WARN_INT_CONVERSION = YES;
				CLANG_WARN_NON_LITERAL_NULL_CONVERSION = YES;
				CLANG_WARN_OBJC_LITERAL_CONVERSION = YES;
				CLANG_WARN_OBJC_ROOT_CLASS = YES_ERROR;
				CLANG_WARN_RANGE_LOOP_ANALYSIS = YES;
				CLANG_WARN_STRICT_PROTOTYPES = YES;
				CLANG_WARN_SUSPICIOUS_MOVE = YES;
				CLANG_WARN_UNGUARDED_AVAILABILITY = YES_AGGRESSIVE;
				CLANG_WARN_UNREACHABLE_CODE = YES;
				CLANG_WARN__DUPLICATE_METHOD_MATCH = YES;
				CODE_SIGN_IDENTITY = "iPhone Developer";
				COPY_PHASE_STRIP = NO;
				DEBUG_INFORMATION_FORMAT = dwarf;
				ENABLE_STRICT_OBJC_MSGSEND = YES;
				ENABLE_TESTABILITY = YES;
				GCC_C_LANGUAGE_STANDARD = gnu11;
				GCC_DYNAMIC_NO_PIC = NO;
				GCC_NO_COMMON_BLOCKS = YES;
				GCC_OPTIMIZATION_LEVEL = 0;
				GCC_PREPROCESSOR_DEFINITIONS = (
					"DEBUG=1",
					"$(inherited)",
				);
				GCC_WARN_64_TO_32_BIT_CONVERSION = YES;
				GCC_WARN_ABOUT_RETURN_TYPE = YES_ERROR;
				GCC_WARN_UNDECLARED_SELECTOR = YES;
				GCC_WARN_UNINITIALIZED_AUTOS = YES_AGGRESSIVE;
				GCC_WARN_UNUSED_FUNCTION = YES;
				GCC_WARN_UNUSED_VARIABLE = YES;
				IPHONEOS_DEPLOYMENT_TARGET = 11.2;
				MTL_ENABLE_DEBUG_INFO = YES;
				ONLY_ACTIVE_ARCH = YES;
				SDKROOT = iphoneos;
				SWIFT_ACTIVE_COMPILATION_CONDITIONS = DEBUG;
				SWIFT_OPTIMIZATION_LEVEL = "-Onone";
			};
			name = Debug;
		};
		3B5EC080217E5B000094802C /* Release */ = {
			isa = XCBuildConfiguration;
			buildSettings = {
				ALWAYS_SEARCH_USER_PATHS = NO;
				CLANG_ANALYZER_NONNULL = YES;
				CLANG_ANALYZER_NUMBER_OBJECT_CONVERSION = YES_AGGRESSIVE;
				CLANG_CXX_LANGUAGE_STANDARD = "gnu++14";
				CLANG_CXX_LIBRARY = "libc++";
				CLANG_ENABLE_MODULES = YES;
				CLANG_ENABLE_OBJC_ARC = YES;
				CLANG_WARN_BLOCK_CAPTURE_AUTORELEASING = YES;
				CLANG_WARN_BOOL_CONVERSION = YES;
				CLANG_WARN_COMMA = YES;
				CLANG_WARN_CONSTANT_CONVERSION = YES;
				CLANG_WARN_DIRECT_OBJC_ISA_USAGE = YES_ERROR;
				CLANG_WARN_DOCUMENTATION_COMMENTS = YES;
				CLANG_WARN_EMPTY_BODY = YES;
				CLANG_WARN_ENUM_CONVERSION = YES;
				CLANG_WARN_INFINITE_RECURSION = YES;
				CLANG_WARN_INT_CONVERSION = YES;
				CLANG_WARN_NON_LITERAL_NULL_CONVERSION = YES;
				CLANG_WARN_OBJC_LITERAL_CONVERSION = YES;
				CLANG_WARN_OBJC_ROOT_CLASS = YES_ERROR;
				CLANG_WARN_RANGE_LOOP_ANALYSIS = YES;
				CLANG_WARN_STRICT_PROTOTYPES = YES;
				CLANG_WARN_SUSPICIOUS_MOVE = YES;
				CLANG_WARN_UNGUARDED_AVAILABILITY = YES_AGGRESSIVE;
				CLANG_WARN_UNREACHABLE_CODE = YES;
				CLANG_WARN__DUPLICATE_METHOD_MATCH = YES;
				CODE_SIGN_IDENTITY = "iPhone Developer";
				COPY_PHASE_STRIP = NO;
				DEBUG_INFORMATION_FORMAT = "dwarf-with-dsym";
				ENABLE_NS_ASSERTIONS = NO;
				ENABLE_STRICT_OBJC_MSGSEND = YES;
				GCC_C_LANGUAGE_STANDARD = gnu11;
				GCC_NO_COMMON_BLOCKS = YES;
				GCC_WARN_64_TO_32_BIT_CONVERSION = YES;
				GCC_WARN_ABOUT_RETURN_TYPE = YES_ERROR;
				GCC_WARN_UNDECLARED_SELECTOR = YES;
				GCC_WARN_UNINITIALIZED_AUTOS = YES_AGGRESSIVE;
				GCC_WARN_UNUSED_FUNCTION = YES;
				GCC_WARN_UNUSED_VARIABLE = YES;
				IPHONEOS_DEPLOYMENT_TARGET = 11.2;
				MTL_ENABLE_DEBUG_INFO = NO;
				SDKROOT = iphoneos;
				SWIFT_OPTIMIZATION_LEVEL = "-Owholemodule";
				VALIDATE_PRODUCT = YES;
			};
			name = Release;
		};
		3B5EC082217E5B000094802C /* Debug */ = {
			isa = XCBuildConfiguration;
			buildSettings = {
				ASSETCATALOG_COMPILER_APPICON_NAME = AppIcon;
				CODE_SIGN_STYLE = Automatic;
				DEVELOPMENT_TEAM = Y4XABUQ539;
				INFOPLIST_FILE = HelloAR/Info.plist;
				LD_RUNPATH_SEARCH_PATHS = "$(inherited) @executable_path/Frameworks";
				PRODUCT_BUNDLE_IDENTIFIER = kangsujin.HelloAR;
				PRODUCT_NAME = "$(TARGET_NAME)";
				SWIFT_VERSION = 4.0;
				TARGETED_DEVICE_FAMILY = "1,2";
			};
			name = Debug;
		};
		3B5EC083217E5B000094802C /* Release */ = {
			isa = XCBuildConfiguration;
			buildSettings = {
				ASSETCATALOG_COMPILER_APPICON_NAME = AppIcon;
				CODE_SIGN_STYLE = Automatic;
				DEVELOPMENT_TEAM = Y4XABUQ539;
				INFOPLIST_FILE = HelloAR/Info.plist;
				LD_RUNPATH_SEARCH_PATHS = "$(inherited) @executable_path/Frameworks";
				PRODUCT_BUNDLE_IDENTIFIER = kangsujin.HelloAR;
				PRODUCT_NAME = "$(TARGET_NAME)";
				SWIFT_VERSION = 4.0;
				TARGETED_DEVICE_FAMILY = "1,2";
			};
			name = Release;
		};
/* End XCBuildConfiguration section */

/* Begin XCConfigurationList section */
		3B5EC068217E5B000094802C /* Build configuration list for PBXProject "HelloAR" */ = {
			isa = XCConfigurationList;
			buildConfigurations = (
				3B5EC07F217E5B000094802C /* Debug */,
				3B5EC080217E5B000094802C /* Release */,
			);
			defaultConfigurationIsVisible = 0;
			defaultConfigurationName = Release;
		};
		3B5EC081217E5B000094802C /* Build configuration list for PBXNativeTarget "HelloAR" */ = {
			isa = XCConfigurationList;
			buildConfigurations = (
				3B5EC082217E5B000094802C /* Debug */,
				3B5EC083217E5B000094802C /* Release */,
			);
			defaultConfigurationIsVisible = 0;
			defaultConfigurationName = Release;
		};
/* End XCConfigurationList section */
	};
	rootObject = 3B5EC065217E5B000094802C /* Project object */;
}
